
Microsoft Visual Studio Solution File, Format Version 12.00
# Visual Studio Version 17
VisualStudioVersion = 17.1.32407.343
MinimumVisualStudioVersion = 10.0.40219.1
Project("{9A19103F-16F7-4668-BE54-9A1E7A4F7556}") = "ApiEvent", "ApiEvent\ApiEvent.csproj", "{C870937E-5EE2-4345-BDAD-263647AB6333}"
EndProject
Project("{9A19103F-16F7-4668-BE54-9A1E7A4F7556}") = "SimulatorEvent", "SimulatorEvent\SimulatorEvent.csproj", "{03EBF7DC-3CA4-4827-8DFC-E24E8AD57C61}"
EndProject
Global
	GlobalSection(SolutionConfigurationPlatforms) = preSolution
		Debug|Any CPU = Debug|Any CPU
		Release|Any CPU = Release|Any CPU
	EndGlobalSection
	GlobalSection(ProjectConfigurationPlatforms) = postSolution
		{C870937E-5EE2-4345-BDAD-263647AB6333}.Debug|Any CPU.ActiveCfg = Debug|Any CPU
		{C870937E-5EE2-4345-BDAD-263647AB6333}.Debug|Any CPU.Build.0 = Debug|Any CPU
		{C870937E-5EE2-4345-BDAD-263647AB6333}.Release|Any CPU.ActiveCfg = Release|Any CPU
		{C870937E-5EE2-4345-BDAD-263647AB6333}.Release|Any CPU.Build.0 = Release|Any CPU
		{03EBF7DC-3CA4-4827-8DFC-E24E8AD57C61}.Debug|Any CPU.ActiveCfg = Debug|Any CPU
		{03EBF7DC-3CA4-4827-8DFC-E24E8AD57C61}.Debug|Any CPU.Build.0 = Debug|Any CPU
		{03EBF7DC-3CA4-4827-8DFC-E24E8AD57C61}.Release|Any CPU.ActiveCfg = Release|Any CPU
		{03EBF7DC-3CA4-4827-8DFC-E24E8AD57C61}.Release|Any CPU.Build.0 = Release|Any CPU
	EndGlobalSection
	GlobalSection(SolutionProperties) = preSolution
		HideSolutionNode = FALSE
	EndGlobalSection
	GlobalSection(ExtensibilityGlobals) = postSolution
		SolutionGuid = {B6E41A69-186C-40EC-85F8-54350F627640}
	EndGlobalSection
EndGlobal
